
Microsoft Visual Studio Solution File, Format Version 12.00
# Visual Studio Version 16
VisualStudioVersion = 16.0.30011.22
MinimumVisualStudioVersion = 10.0.40219.1
Project("{CC5FD16D-436D-48AD-A40C-5A424C6E3E79}") = "AndreSandin-lab3", "AndreSandin-lab3\AndreSandin-lab3.ccproj", "{98556A3E-BB86-4E0A-B3E9-CCD2063E4BAC}"
EndProject
Project("{FAE04EC0-301F-11D3-BF4B-00C04F79EFBC}") = "WebRole1", "WebRole1\WebRole1.csproj", "{593FB2B9-EC19-4BEF-891B-EF04DB2E667C}"
EndProject
Project("{FAE04EC0-301F-11D3-BF4B-00C04F79EFBC}") = "WorkerRoleHRS", "WorkerRole1\WorkerRoleHRS.csproj", "{01497BD1-0DA7-4FF0-A768-51600E67A000}"
EndProject
Project("{FAE04EC0-301F-11D3-BF4B-00C04F79EFBC}") = "WorkerRoleFRS", "WorkerRole2\WorkerRoleFRS.csproj", "{EABA33C8-3E42-40E9-B047-A577F32B2A29}"
EndProject
Global
	GlobalSection(SolutionConfigurationPlatforms) = preSolution
		Debug|Any CPU = Debug|Any CPU
		Release|Any CPU = Release|Any CPU
	EndGlobalSection
	GlobalSection(ProjectConfigurationPlatforms) = postSolution
		{98556A3E-BB86-4E0A-B3E9-CCD2063E4BAC}.Debug|Any CPU.ActiveCfg = Debug|Any CPU
		{98556A3E-BB86-4E0A-B3E9-CCD2063E4BAC}.Debug|Any CPU.Build.0 = Debug|Any CPU
		{98556A3E-BB86-4E0A-B3E9-CCD2063E4BAC}.Release|Any CPU.ActiveCfg = Release|Any CPU
		{98556A3E-BB86-4E0A-B3E9-CCD2063E4BAC}.Release|Any CPU.Build.0 = Release|Any CPU
		{593FB2B9-EC19-4BEF-891B-EF04DB2E667C}.Debug|Any CPU.ActiveCfg = Debug|Any CPU
		{593FB2B9-EC19-4BEF-891B-EF04DB2E667C}.Debug|Any CPU.Build.0 = Debug|Any CPU
		{593FB2B9-EC19-4BEF-891B-EF04DB2E667C}.Release|Any CPU.ActiveCfg = Release|Any CPU
		{593FB2B9-EC19-4BEF-891B-EF04DB2E667C}.Release|Any CPU.Build.0 = Release|Any CPU
		{01497BD1-0DA7-4FF0-A768-51600E67A000}.Debug|Any CPU.ActiveCfg = Debug|Any CPU
		{01497BD1-0DA7-4FF0-A768-51600E67A000}.Debug|Any CPU.Build.0 = Debug|Any CPU
		{01497BD1-0DA7-4FF0-A768-51600E67A000}.Release|Any CPU.ActiveCfg = Release|Any CPU
		{01497BD1-0DA7-4FF0-A768-51600E67A000}.Release|Any CPU.Build.0 = Release|Any CPU
		{EABA33C8-3E42-40E9-B047-A577F32B2A29}.Debug|Any CPU.ActiveCfg = Debug|Any CPU
		{EABA33C8-3E42-40E9-B047-A577F32B2A29}.Debug|Any CPU.Build.0 = Debug|Any CPU
		{EABA33C8-3E42-40E9-B047-A577F32B2A29}.Release|Any CPU.ActiveCfg = Release|Any CPU
		{EABA33C8-3E42-40E9-B047-A577F32B2A29}.Release|Any CPU.Build.0 = Release|Any CPU
	EndGlobalSection
	GlobalSection(SolutionProperties) = preSolution
		HideSolutionNode = FALSE
	EndGlobalSection
	GlobalSection(ExtensibilityGlobals) = postSolution
		SolutionGuid = {D274F3F3-C487-4598-885F-5FCEF665121F}
	EndGlobalSection
EndGlobal
